
Microsoft Visual Studio Solution File, Format Version 12.00
# Visual Studio Version 16
VisualStudioVersion = 16.0.30413.136
MinimumVisualStudioVersion = 10.0.40219.1
Project("{FAE04EC0-301F-11D3-BF4B-00C04F79EFBC}") = "ConsoleUI822", "ConsoleUI822\ConsoleUI822.csproj", "{BFD53297-5B15-4C51-98A9-6B11E4552186}"
EndProject
Global
	GlobalSection(SolutionConfigurationPlatforms) = preSolution
		Debug|Any CPU = Debug|Any CPU
		Release|Any CPU = Release|Any CPU
	EndGlobalSection
	GlobalSection(ProjectConfigurationPlatforms) = postSolution
		{BFD53297-5B15-4C51-98A9-6B11E4552186}.Debug|Any CPU.ActiveCfg = Debug|Any CPU
		{BFD53297-5B15-4C51-98A9-6B11E4552186}.Debug|Any CPU.Build.0 = Debug|Any CPU
		{BFD53297-5B15-4C51-98A9-6B11E4552186}.Release|Any CPU.ActiveCfg = Release|Any CPU
		{BFD53297-5B15-4C51-98A9-6B11E4552186}.Release|Any CPU.Build.0 = Release|Any CPU
	EndGlobalSection
	GlobalSection(SolutionProperties) = preSolution
		HideSolutionNode = FALSE
	EndGlobalSection
	GlobalSection(ExtensibilityGlobals) = postSolution
		SolutionGuid = {228DC085-8C04-4282-AD9C-15C27FB010CF}
	EndGlobalSection
EndGlobal
